
Microsoft Visual Studio Solution File, Format Version 12.00
# Visual Studio Version 17
VisualStudioVersion = 17.0.31512.422
MinimumVisualStudioVersion = 10.0.40219.1
Project("{FAE04EC0-301F-11D3-BF4B-00C04F79EFBC}") = "Raven.Deploy", "Raven.Deploy\Raven.Deploy.csproj", "{02E4C84E-23A2-4602-9984-30D811D69CD2}"
EndProject
Global
	GlobalSection(SolutionConfigurationPlatforms) = preSolution
		Debug|Any CPU = Debug|Any CPU
		Release|Any CPU = Release|Any CPU
	EndGlobalSection
	GlobalSection(ProjectConfigurationPlatforms) = postSolution
		{02E4C84E-23A2-4602-9984-30D811D69CD2}.Debug|Any CPU.ActiveCfg = Debug|Any CPU
		{02E4C84E-23A2-4602-9984-30D811D69CD2}.Debug|Any CPU.Build.0 = Debug|Any CPU
		{02E4C84E-23A2-4602-9984-30D811D69CD2}.Release|Any CPU.ActiveCfg = Release|Any CPU
		{02E4C84E-23A2-4602-9984-30D811D69CD2}.Release|Any CPU.Build.0 = Release|Any CPU
	EndGlobalSection
	GlobalSection(SolutionProperties) = preSolution
		HideSolutionNode = FALSE
	EndGlobalSection
	GlobalSection(ExtensibilityGlobals) = postSolution
		SolutionGuid = {22655E50-0905-4FAB-9AA9-2F594B77D918}
	EndGlobalSection
EndGlobal
